
Microsoft Visual Studio Solution File, Format Version 12.00
# Visual Studio Version 17
VisualStudioVersion = 17.7.34221.43
MinimumVisualStudioVersion = 10.0.40219.1
Project("{54A90642-561A-4BB1-A94E-469ADEE60C69}") = "reactapp", "reactapp\reactapp.esproj", "{B74354FB-7B66-4317-B024-FA56EDF76FD0}"
EndProject
Project("{9A19103F-16F7-4668-BE54-9A1E7A4F7556}") = "webapi", "webapi\webapi.csproj", "{C99DC53A-92AB-44FC-89BD-46D7068D7E2E}"
EndProject
Global
	GlobalSection(SolutionConfigurationPlatforms) = preSolution
		Debug|Any CPU = Debug|Any CPU
		Release|Any CPU = Release|Any CPU
	EndGlobalSection
	GlobalSection(ProjectConfigurationPlatforms) = postSolution
		{B74354FB-7B66-4317-B024-FA56EDF76FD0}.Debug|Any CPU.ActiveCfg = Debug|Any CPU
		{B74354FB-7B66-4317-B024-FA56EDF76FD0}.Debug|Any CPU.Build.0 = Debug|Any CPU
		{B74354FB-7B66-4317-B024-FA56EDF76FD0}.Debug|Any CPU.Deploy.0 = Debug|Any CPU
		{B74354FB-7B66-4317-B024-FA56EDF76FD0}.Release|Any CPU.ActiveCfg = Release|Any CPU
		{B74354FB-7B66-4317-B024-FA56EDF76FD0}.Release|Any CPU.Build.0 = Release|Any CPU
		{B74354FB-7B66-4317-B024-FA56EDF76FD0}.Release|Any CPU.Deploy.0 = Release|Any CPU
		{C99DC53A-92AB-44FC-89BD-46D7068D7E2E}.Debug|Any CPU.ActiveCfg = Debug|Any CPU
		{C99DC53A-92AB-44FC-89BD-46D7068D7E2E}.Debug|Any CPU.Build.0 = Debug|Any CPU
		{C99DC53A-92AB-44FC-89BD-46D7068D7E2E}.Release|Any CPU.ActiveCfg = Release|Any CPU
		{C99DC53A-92AB-44FC-89BD-46D7068D7E2E}.Release|Any CPU.Build.0 = Release|Any CPU
	EndGlobalSection
	GlobalSection(SolutionProperties) = preSolution
		HideSolutionNode = FALSE
	EndGlobalSection
	GlobalSection(ExtensibilityGlobals) = postSolution
		SolutionGuid = {5CA80FD2-57C9-4E20-8066-3B5AA45C6FD8}
	EndGlobalSection
EndGlobal
